
Microsoft Visual Studio Solution File, Format Version 12.00
# Visual Studio Version 16
VisualStudioVersion = 16.0.33328.57
MinimumVisualStudioVersion = 10.0.40219.1
Project("{FAE04EC0-301F-11D3-BF4B-00C04F79EFBC}") = "Wit.Example_HWT9073485", "Wit.Example_HWT9073485.csproj", "{A7311DCC-E841-4941-9E31-DE1FEDA24829}"
EndProject
Global
	GlobalSection(SolutionConfigurationPlatforms) = preSolution
		Debug|Any CPU = Debug|Any CPU
		Release|Any CPU = Release|Any CPU
	EndGlobalSection
	GlobalSection(ProjectConfigurationPlatforms) = postSolution
		{A7311DCC-E841-4941-9E31-DE1FEDA24829}.Debug|Any CPU.ActiveCfg = Debug|Any CPU
		{A7311DCC-E841-4941-9E31-DE1FEDA24829}.Debug|Any CPU.Build.0 = Debug|Any CPU
		{A7311DCC-E841-4941-9E31-DE1FEDA24829}.Release|Any CPU.ActiveCfg = Release|Any CPU
		{A7311DCC-E841-4941-9E31-DE1FEDA24829}.Release|Any CPU.Build.0 = Release|Any CPU
	EndGlobalSection
	GlobalSection(SolutionProperties) = preSolution
		HideSolutionNode = FALSE
	EndGlobalSection
	GlobalSection(ExtensibilityGlobals) = postSolution
		SolutionGuid = {7C5E6B3E-1EC6-4E71-B2C1-DAF6D7346C41}
	EndGlobalSection
EndGlobal
